
Microsoft Visual Studio Solution File, Format Version 12.00
# Visual Studio Version 17
VisualStudioVersion = 17.0.31919.166
MinimumVisualStudioVersion = 10.0.40219.1
Project("{FAE04EC0-301F-11D3-BF4B-00C04F79EFBC}") = "NLayer.Core", "NLayer.Core\NLayer.Core.csproj", "{8ADC00AE-B633-49A1-8822-0D2E3E70EF07}"
EndProject
Project("{FAE04EC0-301F-11D3-BF4B-00C04F79EFBC}") = "NLayer.Data.", "NLayer.Data.\NLayer.Data.csproj", "{12B2B42C-0629-4211-99CA-AE9C6E9EE4E1}"
EndProject
Project("{FAE04EC0-301F-11D3-BF4B-00C04F79EFBC}") = "NLayer.Service", "NLayer.Service\NLayer.Service.csproj", "{D4C500BA-2E74-4C83-821B-2073D36293B2}"
EndProject
Project("{FAE04EC0-301F-11D3-BF4B-00C04F79EFBC}") = "NLayer.API", "NLayer.API\NLayer.API.csproj", "{8B1EBEE9-B4F8-4944-A7EA-0FDA0804E7A6}"
EndProject
Project("{FAE04EC0-301F-11D3-BF4B-00C04F79EFBC}") = "NLayer.Web", "NLayer.Web\NLayer.Web.csproj", "{A3CEDBC9-F38C-46D7-8EAA-0D31657202C8}"
EndProject
Project("{FAE04EC0-301F-11D3-BF4B-00C04F79EFBC}") = "NLayer.Caching", "NLayer.Caching\NLayer.Caching.csproj", "{E0CB9983-2F6E-4C15-AF6E-7139CDEAAB02}"
EndProject
Global
	GlobalSection(SolutionConfigurationPlatforms) = preSolution
		Debug|Any CPU = Debug|Any CPU
		Release|Any CPU = Release|Any CPU
	EndGlobalSection
	GlobalSection(ProjectConfigurationPlatforms) = postSolution
		{8ADC00AE-B633-49A1-8822-0D2E3E70EF07}.Debug|Any CPU.ActiveCfg = Debug|Any CPU
		{8ADC00AE-B633-49A1-8822-0D2E3E70EF07}.Debug|Any CPU.Build.0 = Debug|Any CPU
		{8ADC00AE-B633-49A1-8822-0D2E3E70EF07}.Release|Any CPU.ActiveCfg = Release|Any CPU
		{8ADC00AE-B633-49A1-8822-0D2E3E70EF07}.Release|Any CPU.Build.0 = Release|Any CPU
		{12B2B42C-0629-4211-99CA-AE9C6E9EE4E1}.Debug|Any CPU.ActiveCfg = Debug|Any CPU
		{12B2B42C-0629-4211-99CA-AE9C6E9EE4E1}.Debug|Any CPU.Build.0 = Debug|Any CPU
		{12B2B42C-0629-4211-99CA-AE9C6E9EE4E1}.Release|Any CPU.ActiveCfg = Release|Any CPU
		{12B2B42C-0629-4211-99CA-AE9C6E9EE4E1}.Release|Any CPU.Build.0 = Release|Any CPU
		{D4C500BA-2E74-4C83-821B-2073D36293B2}.Debug|Any CPU.ActiveCfg = Debug|Any CPU
		{D4C500BA-2E74-4C83-821B-2073D36293B2}.Debug|Any CPU.Build.0 = Debug|Any CPU
		{D4C500BA-2E74-4C83-821B-2073D36293B2}.Release|Any CPU.ActiveCfg = Release|Any CPU
		{D4C500BA-2E74-4C83-821B-2073D36293B2}.Release|Any CPU.Build.0 = Release|Any CPU
		{8B1EBEE9-B4F8-4944-A7EA-0FDA0804E7A6}.Debug|Any CPU.ActiveCfg = Debug|Any CPU
		{8B1EBEE9-B4F8-4944-A7EA-0FDA0804E7A6}.Debug|Any CPU.Build.0 = Debug|Any CPU
		{8B1EBEE9-B4F8-4944-A7EA-0FDA0804E7A6}.Release|Any CPU.ActiveCfg = Release|Any CPU
		{8B1EBEE9-B4F8-4944-A7EA-0FDA0804E7A6}.Release|Any CPU.Build.0 = Release|Any CPU
		{A3CEDBC9-F38C-46D7-8EAA-0D31657202C8}.Debug|Any CPU.ActiveCfg = Debug|Any CPU
		{A3CEDBC9-F38C-46D7-8EAA-0D31657202C8}.Debug|Any CPU.Build.0 = Debug|Any CPU
		{A3CEDBC9-F38C-46D7-8EAA-0D31657202C8}.Release|Any CPU.ActiveCfg = Release|Any CPU
		{A3CEDBC9-F38C-46D7-8EAA-0D31657202C8}.Release|Any CPU.Build.0 = Release|Any CPU
		{E0CB9983-2F6E-4C15-AF6E-7139CDEAAB02}.Debug|Any CPU.ActiveCfg = Debug|Any CPU
		{E0CB9983-2F6E-4C15-AF6E-7139CDEAAB02}.Debug|Any CPU.Build.0 = Debug|Any CPU
		{E0CB9983-2F6E-4C15-AF6E-7139CDEAAB02}.Release|Any CPU.ActiveCfg = Release|Any CPU
		{E0CB9983-2F6E-4C15-AF6E-7139CDEAAB02}.Release|Any CPU.Build.0 = Release|Any CPU
	EndGlobalSection
	GlobalSection(SolutionProperties) = preSolution
		HideSolutionNode = FALSE
	EndGlobalSection
	GlobalSection(ExtensibilityGlobals) = postSolution
		SolutionGuid = {3B4A5198-3223-4601-B526-32622617E146}
	EndGlobalSection
EndGlobal
